
Microsoft Visual Studio Solution File, Format Version 12.00
# Visual Studio Version 17
VisualStudioVersion = 17.5.33530.505
MinimumVisualStudioVersion = 10.0.40219.1
Project("{FAE04EC0-301F-11D3-BF4B-00C04F79EFBC}") = "MultiThreadExceptionHandling", "MultiThreadExceptionHandling\MultiThreadExceptionHandling.csproj", "{E479EC64-442F-4EFE-BB19-F7E84E490B4A}"
EndProject
Global
	GlobalSection(SolutionConfigurationPlatforms) = preSolution
		Debug|Any CPU = Debug|Any CPU
		Release|Any CPU = Release|Any CPU
	EndGlobalSection
	GlobalSection(ProjectConfigurationPlatforms) = postSolution
		{E479EC64-442F-4EFE-BB19-F7E84E490B4A}.Debug|Any CPU.ActiveCfg = Debug|Any CPU
		{E479EC64-442F-4EFE-BB19-F7E84E490B4A}.Debug|Any CPU.Build.0 = Debug|Any CPU
		{E479EC64-442F-4EFE-BB19-F7E84E490B4A}.Release|Any CPU.ActiveCfg = Release|Any CPU
		{E479EC64-442F-4EFE-BB19-F7E84E490B4A}.Release|Any CPU.Build.0 = Release|Any CPU
	EndGlobalSection
	GlobalSection(SolutionProperties) = preSolution
		HideSolutionNode = FALSE
	EndGlobalSection
	GlobalSection(ExtensibilityGlobals) = postSolution
		SolutionGuid = {5220170B-5846-40C7-8B65-FD3BAC409468}
	EndGlobalSection
EndGlobal
